
Microsoft Visual Studio Solution File, Format Version 12.00
# Visual Studio for Mac
Project("{FAE04EC0-301F-11D3-BF4B-00C04F79EFBC}") = "Assembly-CSharp", "Assembly-CSharp.csproj", "{DA78136C-90FF-7092-5B53-3350790CA66B}"
EndProject
Global
	GlobalSection(SolutionConfigurationPlatforms) = preSolution
		Debug|Any CPU = Debug|Any CPU
		Release|Any CPU = Release|Any CPU
	EndGlobalSection
	GlobalSection(ProjectConfigurationPlatforms) = postSolution
		{DA78136C-90FF-7092-5B53-3350790CA66B}.Debug|Any CPU.ActiveCfg = Debug|Any CPU
		{DA78136C-90FF-7092-5B53-3350790CA66B}.Debug|Any CPU.Build.0 = Debug|Any CPU
		{DA78136C-90FF-7092-5B53-3350790CA66B}.Release|Any CPU.ActiveCfg = Release|Any CPU
		{DA78136C-90FF-7092-5B53-3350790CA66B}.Release|Any CPU.Build.0 = Release|Any CPU
	EndGlobalSection
	GlobalSection(SolutionProperties) = preSolution
		HideSolutionNode = FALSE
	EndGlobalSection
EndGlobal
